
Microsoft Visual Studio Solution File, Format Version 12.00
# Visual Studio 15
VisualStudioVersion = 15.0.28307.645
MinimumVisualStudioVersion = 10.0.40219.1
Project("{FAE04EC0-301F-11D3-BF4B-00C04F79EFBC}") = "WcfServiceLibrary1", "WcfServiceLibrary1\WcfServiceLibrary1.csproj", "{29548D82-5C46-427F-AB39-09E027F595A7}"
EndProject
Project("{FAE04EC0-301F-11D3-BF4B-00C04F79EFBC}") = "WindowsFormsApp1", "WindowsFormsApp1\WindowsFormsApp1.csproj", "{899BE48F-CF09-4B24-84E8-CFC996C32FF5}"
	ProjectSection(ProjectDependencies) = postProject
		{29548D82-5C46-427F-AB39-09E027F595A7} = {29548D82-5C46-427F-AB39-09E027F595A7}
	EndProjectSection
EndProject
Project("{FAE04EC0-301F-11D3-BF4B-00C04F79EFBC}") = "ClassLibrary1", "ClassLibrary1\ClassLibrary1.csproj", "{01DC1427-04D5-4EB7-A702-CFA05DEE9623}"
EndProject
Global
	GlobalSection(SolutionConfigurationPlatforms) = preSolution
		Debug|Any CPU = Debug|Any CPU
		Release|Any CPU = Release|Any CPU
	EndGlobalSection
	GlobalSection(ProjectConfigurationPlatforms) = postSolution
		{29548D82-5C46-427F-AB39-09E027F595A7}.Debug|Any CPU.ActiveCfg = Debug|Any CPU
		{29548D82-5C46-427F-AB39-09E027F595A7}.Debug|Any CPU.Build.0 = Debug|Any CPU
		{29548D82-5C46-427F-AB39-09E027F595A7}.Release|Any CPU.ActiveCfg = Release|Any CPU
		{29548D82-5C46-427F-AB39-09E027F595A7}.Release|Any CPU.Build.0 = Release|Any CPU
		{899BE48F-CF09-4B24-84E8-CFC996C32FF5}.Debug|Any CPU.ActiveCfg = Debug|Any CPU
		{899BE48F-CF09-4B24-84E8-CFC996C32FF5}.Debug|Any CPU.Build.0 = Debug|Any CPU
		{899BE48F-CF09-4B24-84E8-CFC996C32FF5}.Release|Any CPU.ActiveCfg = Release|Any CPU
		{899BE48F-CF09-4B24-84E8-CFC996C32FF5}.Release|Any CPU.Build.0 = Release|Any CPU
		{01DC1427-04D5-4EB7-A702-CFA05DEE9623}.Debug|Any CPU.ActiveCfg = Debug|Any CPU
		{01DC1427-04D5-4EB7-A702-CFA05DEE9623}.Debug|Any CPU.Build.0 = Debug|Any CPU
		{01DC1427-04D5-4EB7-A702-CFA05DEE9623}.Release|Any CPU.ActiveCfg = Release|Any CPU
		{01DC1427-04D5-4EB7-A702-CFA05DEE9623}.Release|Any CPU.Build.0 = Release|Any CPU
	EndGlobalSection
	GlobalSection(SolutionProperties) = preSolution
		HideSolutionNode = FALSE
	EndGlobalSection
	GlobalSection(ExtensibilityGlobals) = postSolution
		SolutionGuid = {44A9BDDB-EAF3-4188-B81A-BE28831EE61D}
	EndGlobalSection
EndGlobal
